{
    "_meta": {
        "hash": {
            "sha256": "e90174f59c9585b8e8a05b8e0d0f4eb110c15f01322f99c38de821645860b09a"
        },
        "pipfile-spec": 6,
        "requires": {
            "python_version": "3.9"
        },
        "sources": [
            {
                "name": "pypi",
                "url": "https://pypi.org/simple",
                "verify_ssl": true
            }
        ]
    },
    "default": {
        "argparse": {
            "hashes": [
                "sha256:62b089a55be1d8949cd2bc7e0df0bddb9e028faefc8c32038cc84862aefdd6e4",
                "sha256:c31647edb69fd3d465a847ea3157d37bed1f95f19760b11a47aa91c04b666314"
            ],
            "index": "pypi",
            "version": "==1.4.0"
        },
        "events": {
            "hashes": [
                "sha256:a7286af378ba3e46640ac9825156c93bdba7502174dd696090fdfcd4d80a1abd"
            ],
            "index": "pypi",
            "version": "==0.5"
        },
        "importlib-metadata": {
            "hashes": [
                "sha256:8a8a81bcf996e74fee46f0d16bd3eaa382a7eb20fd82445c3ad11f4090334116",
                "sha256:dd0173e8f150d6815e098fd354f6414b0f079af4644ddfe90c71e2fc6174346d"
            ],
            "index": "pypi",
            "version": "==4.13.0"
        },
        "importlib-resources": {
            "hashes": [
                "sha256:980862a1d16c9e147a59603677fa2aa5fd82b87f223b6cb870695bcfce830065",
                "sha256:ac29d5f956f01d5e4bb63102a5a19957f1b9175e45649977264a1416783bb717"
            ],
            "index": "pypi",
            "version": "==6.4.5"
        },
        "more-itertools": {
            "hashes": [
                "sha256:409cd48d4db7052af495b09dec721011634af3753ae1ef92d2b32f73a745f832",
                "sha256:92b8c4b06dac4f0611c0729b2f2ede52b2e1bac1ab48f089c7ddc12e26bb60c4"
            ],
            "index": "pypi",
            "version": "==7.2.0"
        },
        "pycairo": {
            "hashes": [
                "sha256:01505c138a313df2469f812405963532fc2511fb9bca9bdc8e0ab94c55d1ced8",
                "sha256:03bf570e3919901572987bc69237b648fe0de242439980be3e606b396e3318c9",
                "sha256:1b1321652a6e27c4de3069709b1cae22aed2707fd8c5e889c04a95669228af2a",
                "sha256:27cb4d3a80e3b9990af552818515a8e466e0317063a6e61585533f1a86f1b7d5",
                "sha256:5cb21e7a00a2afcafea7f14390235be33497a2cce53a98a19389492a60628430",
                "sha256:9a9b79f92a434dae65c34c830bb9abdbd92654195e73d52663cbe45af1ad14b2",
                "sha256:b0349d744c068b6644ae23da6ada111c8a8a7e323b56cbce3707cba5bdb474cc",
                "sha256:d40a6d80b15dacb3672dc454df4bc4ab3988c6b3f36353b24a255dc59a1c8aea",
                "sha256:e20f431244634cf244ab6b4c3a2e540e65746eed1324573cf291981c3e65fc05",
                "sha256:e2239b9bb6c05edae5f3be97128e85147a155465e644f4d98ea0ceac7afc04ee",
                "sha256:f9ca8430751f1fdcd3f072377560c9e15608b9a42d61375469db853566993c9b"
            ],
            "index": "pypi",
            "version": "==1.27.0"
        },
        "pygobject": {
            "hashes": [
                "sha256:4500ad3dbf331773d8dedf7212544c999a76fc96b63a91b3dcac1e5925a1d103"
            ],
            "index": "pypi",
            "version": "==3.50.0"
        },
        "rx": {
            "hashes": [
                "sha256:922c5f4edb3aa1beaa47bf61d65d5380011ff6adcd527f26377d05cb73ed8ec8",
                "sha256:b657ca2b45aa485da2f7dcfd09fac2e554f7ac51ff3c2f8f2ff962ecd963d91c"
            ],
            "index": "pypi",
            "version": "==3.2.0"
        },
        "toml": {
            "hashes": [
                "sha256:806143ae5bfb6a3c6e736a764057db0e6a0e05e338b5630894a5f779cabb4f9b",
                "sha256:b3bda1d108d5dd99f4a20d24d9c348e91c4db7ab1b749200bded2f839ccbe68f"
            ],
            "index": "pypi",
            "version": "==0.10.2"
        },
        "zipp": {
            "hashes": [
                "sha256:a817ac80d6cf4b23bf7f2828b7cabf326f15a001bea8b1f9b49631780ba28350",
                "sha256:bc9eb26f4506fda01b81bcde0ca78103b6e62f991b381fec825435c836edbc29"
            ],
            "markers": "python_version >= '3.8'",
            "version": "==3.20.2"
        }
    },
    "develop": {
        "babel": {
            "hashes": [
                "sha256:368b5b98b37c06b7daf6696391c3240c938b37767d4584413e8438c5c435fa8b",
                "sha256:d1f3554ca26605fe173f3de0c65f750f5a42f924499bf134de6423582298e316"
            ],
            "index": "pypi",
            "version": "==2.16.0"
        },
        "babelgladeextractor": {
            "hashes": [
                "sha256:bcf805e28b4bb18c8b6909a65a7cf5c7c2bcbf4ae50b164878c9682d22271798"
            ],
            "index": "pypi",
            "version": "==0.7.0"
        },
        "beautifulsoup4": {
            "hashes": [
                "sha256:7e05ad0b6c26108d9990e2235e8a9b4e2c03ead6f391ceb60347f8ebea6b80ba",
                "sha256:c684ddec071aa120819889aa9e8940f85c3f3cdaa08e23b9fa26510387897bd5"
            ],
            "index": "pypi",
            "version": "==4.13.0b2"
        },
        "callee": {
            "hashes": [
                "sha256:056f95d7760c87ce470aa4ab83bab5f9bdf090d4ecf77d52efe9c4559c0aefd3"
            ],
            "index": "pypi",
            "version": "==0.3.1"
        },
        "colorama": {
            "hashes": [
                "sha256:08695f5cb7ed6e0531a20572697297273c47b8cae5a63ffc6d6ed5c201be6e44",
                "sha256:4f1d9991f5acc0ca119f9d443620b77f9d6b33703e51011c16baf57afb285fc6"
            ],
            "markers": "python_version >= '2.7' and python_version not in '3.0, 3.1, 3.2, 3.3, 3.4, 3.5, 3.6'",
            "version": "==0.4.6"
        },
        "coverage": {
            "extras": [],
            "hashes": [
                "sha256:078a87519057dacb5d77e333f740708ec2a8f768655f1db07f8dfd28d7a005f0",
                "sha256:087932079c065d7b8ebadd3a0160656c55954144af6439886c8bcf78bbbcde7f",
                "sha256:0bbae11c138585c89fb4e991faefb174a80112e1a7557d507aaa07675c62e66b",
                "sha256:0ff2ef83d6d0b527b5c9dad73819b24a2f76fdddcfd6c4e7a4d7e73ecb0656b4",
                "sha256:12179eb0575b8900912711688e45474f04ab3934aaa7b624dea7b3c511ecc90f",
                "sha256:1e5e92e3e84a8718d2de36cd8387459cba9a4508337b8c5f450ce42b87a9e760",
                "sha256:2186369a654a15628e9c1c9921409a6b3eda833e4b91f3ca2a7d9f77abb4987c",
                "sha256:21c0ea0d4db8a36b275cb6fb2437a3715697a4ba3cb7b918d3525cc75f726304",
                "sha256:24500f4b0e03aab60ce575c85365beab64b44d4db837021e08339f61d1fbfe52",
                "sha256:2b636a301e53964550e2f3094484fa5a96e699db318d65398cfba438c5c92171",
                "sha256:343056c5e0737487a5291f5691f4dfeb25b3e3c8699b4d36b92bb0e586219d14",
                "sha256:35a51598f29b2a19e26d0908bd196f771a9b1c5d9a07bf20be0adf28f1ad4f77",
                "sha256:39d3b964abfe1519b9d313ab28abf1d02faea26cd14b27f5283849bf59479ff5",
                "sha256:3ec528ae69f0a139690fad6deac8a7d33629fa61ccce693fdd07ddf7e9931fba",
                "sha256:47ccb6e99a3031ffbbd6e7cc041e70770b4fe405370c66a54dbf26a500ded80b",
                "sha256:4eea60c79d36a8f39475b1af887663bc3ae4f31289cd216f514ce18d5938df40",
                "sha256:536f77f2bf5797983652d1d55f1a7272a29afcc89e3ae51caa99b2db4e89d658",
                "sha256:5ed69befa9a9fc796fe015a7040c9398722d6b97df73a6b608e9e275fa0932b0",
                "sha256:62ab4231c01e156ece1b3a187c87173f31cbeee83a5e1f6dff17f288dca93345",
                "sha256:667952739daafe9616db19fbedbdb87917eee253ac4f31d70c7587f7ab531b4e",
                "sha256:69f251804e052fc46d29d0e7348cdc5fcbfc4861dc4a1ebedef7e78d241ad39e",
                "sha256:6c2ba1e0c24d8fae8f2cf0aeb2fc0a2a7f69b6d20bd8d3749fd6b36ecef5edf0",
                "sha256:6e85830eed5b5263ffa0c62428e43cb844296f3b4461f09e4bdb0d44ec190bc2",
                "sha256:7571e8bbecc6ac066256f9de40365ff833553e2e0c0c004f4482facb131820ef",
                "sha256:7781f4f70c9b0b39e1b129b10c7d43a4e0c91f90c60435e6da8288efc2b73438",
                "sha256:7926d8d034e06b479797c199747dd774d5e86179f2ce44294423327a88d66ca7",
                "sha256:7b80fbb0da3aebde102a37ef0138aeedff45997e22f8962e5f16ae1742852676",
                "sha256:7fca4a92c8a7a73dee6946471bce6d1443d94155694b893b79e19ca2a540d86e",
                "sha256:84c4315577f7cd511d6250ffd0f695c825efe729f4205c0340f7004eda51191f",
                "sha256:8d9c5d13927d77af4fbe453953810db766f75401e764727e73a6ee4f82527b3e",
                "sha256:9681516288e3dcf0aa7c26231178cc0be6cac9705cac06709f2353c5b406cfea",
                "sha256:97df87e1a20deb75ac7d920c812e9326096aa00a9a4b6d07679b4f1f14b06c90",
                "sha256:9bcd51eeca35a80e76dc5794a9dd7cb04b97f0e8af620d54711793bfc1fbba4b",
                "sha256:9c6b0c1cafd96213a0327cf680acb39f70e452caf8e9a25aeb05316db9c07f89",
                "sha256:a5f81e68aa62bc0cfca04f7b19eaa8f9c826b53fc82ab9e2121976dc74f131f3",
                "sha256:a663b180b6669c400b4630a24cc776f23a992d38ce7ae72ede2a397ce6b0f170",
                "sha256:a7b2e437fbd8fae5bc7716b9c7ff97aecc95f0b4d56e4ca08b3c8d8adcaadb84",
                "sha256:a867d26f06bcd047ef716175b2696b315cb7571ccb951006d61ca80bbc356e9e",
                "sha256:aa68a6cdbe1bc6793a9dbfc38302c11599bbe1837392ae9b1d238b9ef3dafcf1",
                "sha256:ab31fdd643f162c467cfe6a86e9cb5f1965b632e5e65c072d90854ff486d02cf",
                "sha256:ad4ef1c56b47b6b9024b939d503ab487231df1f722065a48f4fc61832130b90e",
                "sha256:b92f9ca04b3e719d69b02dc4a69debb795af84cb7afd09c5eb5d54b4a1ae2191",
                "sha256:bb21bac7783c1bf6f4bbe68b1e0ff0d20e7e7732cfb7995bc8d96e23aa90fc7b",
                "sha256:bf4eeecc9e10f5403ec06138978235af79c9a79af494eb6b1d60a50b49ed2869",
                "sha256:bfde025e2793a22efe8c21f807d276bd1d6a4bcc5ba6f19dbdfc4e7a12160909",
                "sha256:c37faddc8acd826cfc5e2392531aba734b229741d3daec7f4c777a8f0d4993e5",
                "sha256:c71965d1ced48bf97aab79fad56df82c566b4c498ffc09c2094605727c4b7e36",
                "sha256:c9192925acc33e146864b8cf037e2ed32a91fdf7644ae875f5d46cd2ef086a5f",
                "sha256:c9df1950fb92d49970cce38100d7e7293c84ed3606eaa16ea0b6bc27175bb667",
                "sha256:cdfcf2e914e2ba653101157458afd0ad92a16731eeba9a611b5cbb3e7124e74b",
                "sha256:d03a060ac1a08e10589c27d509bbdb35b65f2d7f3f8d81cf2fa199877c7bc58a",
                "sha256:d20c3d1f31f14d6962a4e2f549c21d31e670b90f777ef4171be540fb7fb70f02",
                "sha256:e4ee15b267d2dad3e8759ca441ad450c334f3733304c55210c2a44516e8d5530",
                "sha256:e8ea055b3ea046c0f66217af65bc193bbbeca1c8661dc5fd42698db5795d2627",
                "sha256:ebabdf1c76593a09ee18c1a06cd3022919861365219ea3aca0247ededf6facd6",
                "sha256:ebc94fadbd4a3f4215993326a6a00e47d79889391f5659bf310f55fe5d9f581c",
                "sha256:ed5ac02126f74d190fa2cc14a9eb2a5d9837d5863920fa472b02eb1595cdc925",
                "sha256:f01e53575f27097d75d42de33b1b289c74b16891ce576d767ad8c48d17aeb5e0",
                "sha256:f361296ca7054f0936b02525646b2731b32c8074ba6defab524b79b2b7eeac72",
                "sha256:f9035695dadfb397bee9eeaf1dc7fbeda483bf7664a7397a629846800ce6e276",
                "sha256:fcad7d5d2bbfeae1026b395036a8aa5abf67e8038ae7e6a25c7d0f88b10a8e6a",
                "sha256:ff797320dcbff57caa6b2301c3913784a010e13b1f6cf4ab3f563f3c5e7919db"
            ],
            "markers": "python_version >= '3.9'",
            "version": "==7.6.2"
        },
        "docopt": {
            "hashes": [
                "sha256:49b3a825280bd66b3aa83585ef59c4a8c82f2c8a522dbe754a8bc8d08c85c491"
            ],
            "version": "==0.6.2"
        },
        "exceptiongroup": {
            "hashes": [
                "sha256:3111b9d131c238bec2f8f516e123e14ba243563fb135d3fe885990585aa7795b",
                "sha256:47c2edf7c6738fafb49fd34290706d1a1a2f4d1c6df275526b62cbb4aa5393cc"
            ],
            "markers": "python_version < '3.11'",
            "version": "==1.2.2"
        },
        "iniconfig": {
            "hashes": [
                "sha256:2d91e135bf72d31a410b17c16da610a82cb55f6b0477d1a902134b24a455b8b3",
                "sha256:b6a85871a79d2e3b22d2d1b94ac2824226a63c6b741c88f7ae975f18b6778374"
            ],
            "markers": "python_version >= '3.7'",
            "version": "==2.0.0"
        },
        "markdown2": {
            "hashes": [
                "sha256:12fc04ea5a87f7bb4b65acf5bf3af1183b20838cc7d543b74c92ec7eea4bbc74",
                "sha256:190ae60a4bd0425c60c863bede18a9f3d45b1cbf3fbc9f40b4fac336ff2c520b"
            ],
            "index": "pypi",
            "version": "==2.5.1"
        },
        "packaging": {
            "hashes": [
                "sha256:026ed72c8ed3fcce5bf8950572258698927fd1dbda10a5e981cdf0ac37f4f002",
                "sha256:5b8f2217dbdbd2f7f384c41c628544e6d52f2d0f53c6d0c3ea61aa5d1d7ff124"
            ],
            "markers": "python_version >= '3.8'",
            "version": "==24.1"
        },
        "pluggy": {
            "hashes": [
                "sha256:2cffa88e94fdc978c4c574f15f9e59b7f4201d439195c3715ca9e2486f1d0cf1",
                "sha256:44e1ad92c8ca002de6377e165f3e0f1be63266ab4d554740532335b9d75ea669"
            ],
            "markers": "python_version >= '3.8'",
            "version": "==1.5.0"
        },
        "pytest": {
            "hashes": [
                "sha256:70b98107bd648308a7952b06e6ca9a50bc660be218d53c257cc1fc94fda10181",
                "sha256:a6853c7375b2663155079443d2e45de913a911a11d669df02a50814944db57b2"
            ],
            "index": "pypi",
            "version": "==8.3.3"
        },
        "pytest-cov": {
            "hashes": [
                "sha256:4f0764a1219df53214206bf1feea4633c3b558a2925c8b59f144f682861ce652",
                "sha256:5837b58e9f6ebd335b0f8060eecce69b662415b16dc503883a02f45dfeb14857"
            ],
            "index": "pypi",
            "version": "==5.0.0"
        },
        "pytest-lazy-fixture": {
            "hashes": [
                "sha256:0e7d0c7f74ba33e6e80905e9bfd81f9d15ef9a790de97993e34213deb5ad10ac",
                "sha256:e0b379f38299ff27a653f03eaa69b08a6fd4484e46fd1c9907d984b9f9daeda6"
            ],
            "index": "pypi",
            "version": "==0.6.3"
        },
        "pytest-mock": {
            "hashes": [
                "sha256:0b72c38033392a5f4621342fe11e9219ac11ec9d375f8e2a0c164539e0d70f6f",
                "sha256:2719255a1efeceadbc056d6bf3df3d1c5015530fb40cf347c0f9afac88410bd0"
            ],
            "index": "pypi",
            "version": "==3.14.0"
        },
        "pytest-testmon": {
            "hashes": [
                "sha256:8271ca47bc8c80760c4fc7fd7895ea786b111bbb31f13eeea879a6fd11fe2226",
                "sha256:8ebe2c3de42d99306ee54cd4536fed0fc48346a954420da904b18e8d59b5da98"
            ],
            "index": "pypi",
            "version": "==2.1.1"
        },
        "pytest-watch": {
            "hashes": [
                "sha256:06136f03d5b361718b8d0d234042f7b2f203910d8568f63df2f866b547b3d4b9"
            ],
            "index": "pypi",
            "version": "==4.2.0"
        },
        "ruff": {
            "hashes": [
                "sha256:064df58d84ccc0ac0fcd63bc3090b251d90e2a372558c0f057c3f75ed73e1ccd",
                "sha256:12edd2af0c60fa61ff31cefb90aef4288ac4d372b4962c2864aeea3a1a2460c0",
                "sha256:140d4b5c9f5fc7a7b074908a78ab8d384dd7f6510402267bc76c37195c02a7ec",
                "sha256:3c866b631f5fbce896a74a6e4383407ba7507b815ccc52bcedabb6810fdb3ef7",
                "sha256:3ef0cc774b00fec123f635ce5c547dac263f6ee9fb9cc83437c5904183b55ceb",
                "sha256:417b81aa1c9b60b2f8edc463c58363075412866ae4e2b9ab0f690dc1e87ac1b5",
                "sha256:53fd8ca5e82bdee8da7f506d7b03a261f24cd43d090ea9db9a1dc59d9313914c",
                "sha256:55bb01caeaf3a60b2b2bba07308a02fca6ab56233302406ed5245180a05c5625",
                "sha256:645d7d8761f915e48a00d4ecc3686969761df69fb561dd914a773c1a8266e14e",
                "sha256:785d31851c1ae91f45b3d8fe23b8ae4b5170089021fbb42402d811135f0b7117",
                "sha256:7b118afbb3202f5911486ad52da86d1d52305b59e7ef2031cea3425142b97d6f",
                "sha256:7d5ccc9e58112441de8ad4b29dcb7a86dc25c5f770e3c06a9d57e0e5eba48829",
                "sha256:925d26471fa24b0ce5a6cdfab1bb526fb4159952385f386bdcc643813d472039",
                "sha256:a67267654edc23c97335586774790cde402fb6bbdb3c2314f1fc087dee320bfa",
                "sha256:a9641e31476d601f83cd602608739a0840e348bda93fec9f1ee816f8b6798b93",
                "sha256:b076ef717a8e5bc819514ee1d602bbdca5b4420ae13a9cf61a0c0a4f53a2baa2",
                "sha256:eae02b700763e3847595b9d2891488989cac00214da7f845f4bcf2989007d577",
                "sha256:eb61ec9bdb2506cffd492e05ac40e5bc6284873aceb605503d8494180d6fc84d"
            ],
            "index": "pypi",
            "version": "==0.6.9"
        },
        "semantic-version": {
            "hashes": [
                "sha256:bdabb6d336998cbb378d4b9db3a4b56a1e3235701dc05ea2690d9a997ed5041c",
                "sha256:de78a3b8e0feda74cabc54aab2da702113e33ac9d9eb9d2389bcf1f58b7d9177"
            ],
            "index": "pypi",
            "version": "==2.10.0"
        },
        "setuptools": {
            "hashes": [
                "sha256:35ab7fd3bcd95e6b7fd704e4a1539513edad446c097797f2985e0e4b960772f2",
                "sha256:d59a21b17a275fb872a9c3dae73963160ae079f1049ed956880cd7c09b120538"
            ],
            "markers": "python_version >= '3.8'",
            "version": "==75.1.0"
        },
        "setuptools-rust": {
            "hashes": [
                "sha256:4b39c435ae9670315d522ed08fa0e8cb29f2a6048033966b6be2571a90ce4f1c",
                "sha256:5d73e7eee5f87a6417285b617c97088a7c20d1a70fcea60e3bdc94ff567c29dc"
            ],
            "index": "pypi",
            "version": "==1.10.2"
        },
        "soupsieve": {
            "hashes": [
                "sha256:e2e68417777af359ec65daac1057404a3c8a5455bb8abc36f1a9866ab1a51abb",
                "sha256:e72c4ff06e4fb6e4b5a9f0f55fe6e81514581fca1515028625d0f299c602ccc9"
            ],
            "markers": "python_version >= '3.8'",
            "version": "==2.6"
        },
        "tomli": {
            "hashes": [
                "sha256:2ebe24485c53d303f690b0ec092806a085f07af5a5aa1464f3931eec36caaa38",
                "sha256:d46d457a85337051c36524bc5349dd91b1877838e2979ac5ced3e710ed8a60ed"
            ],
            "markers": "python_version < '3.11'",
            "version": "==2.0.2"
        },
        "typing-extensions": {
            "hashes": [
                "sha256:04e5ca0351e0f3f85c6853954072df659d0d13fac324d0072316b67d7794700d",
                "sha256:1a7ead55c7e559dd4dee8856e3a88b41225abfe1ce8df57b7c13915fe121ffb8"
            ],
            "markers": "python_version >= '3.8'",
            "version": "==4.12.2"
        },
        "watchdog": {
            "hashes": [
                "sha256:0f9332243355643d567697c3e3fa07330a1d1abf981611654a1f2bf2175612b7",
                "sha256:1021223c08ba8d2d38d71ec1704496471ffd7be42cfb26b87cd5059323a389a1",
                "sha256:108f42a7f0345042a854d4d0ad0834b741d421330d5f575b81cb27b883500176",
                "sha256:1e9679245e3ea6498494b3028b90c7b25dbb2abe65c7d07423ecfc2d6218ff7c",
                "sha256:223160bb359281bb8e31c8f1068bf71a6b16a8ad3d9524ca6f523ac666bb6a1e",
                "sha256:26dd201857d702bdf9d78c273cafcab5871dd29343748524695cecffa44a8d97",
                "sha256:294b7a598974b8e2c6123d19ef15de9abcd282b0fbbdbc4d23dfa812959a9e05",
                "sha256:349c9488e1d85d0a58e8cb14222d2c51cbc801ce11ac3936ab4c3af986536926",
                "sha256:49f4d36cb315c25ea0d946e018c01bb028048023b9e103d3d3943f58e109dd45",
                "sha256:53a3f10b62c2d569e260f96e8d966463dec1a50fa4f1b22aec69e3f91025060e",
                "sha256:53adf73dcdc0ef04f7735066b4a57a4cd3e49ef135daae41d77395f0b5b692cb",
                "sha256:560135542c91eaa74247a2e8430cf83c4342b29e8ad4f520ae14f0c8a19cfb5b",
                "sha256:720ef9d3a4f9ca575a780af283c8fd3a0674b307651c1976714745090da5a9e8",
                "sha256:752fb40efc7cc8d88ebc332b8f4bcbe2b5cc7e881bccfeb8e25054c00c994ee3",
                "sha256:78864cc8f23dbee55be34cc1494632a7ba30263951b5b2e8fc8286b95845f82c",
                "sha256:85527b882f3facda0579bce9d743ff7f10c3e1e0db0a0d0e28170a7d0e5ce2ea",
                "sha256:90a67d7857adb1d985aca232cc9905dd5bc4803ed85cfcdcfcf707e52049eda7",
                "sha256:91b522adc25614cdeaf91f7897800b82c13b4b8ac68a42ca959f992f6990c490",
                "sha256:9413384f26b5d050b6978e6fcd0c1e7f0539be7a4f1a885061473c5deaa57221",
                "sha256:94d11b07c64f63f49876e0ab8042ae034674c8653bfcdaa8c4b32e71cfff87e8",
                "sha256:950f531ec6e03696a2414b6308f5c6ff9dab7821a768c9d5788b1314e9a46ca7",
                "sha256:a2e8f3f955d68471fa37b0e3add18500790d129cc7efe89971b8a4cc6fdeb0b2",
                "sha256:ae6deb336cba5d71476caa029ceb6e88047fc1dc74b62b7c4012639c0b563906",
                "sha256:b8ca4d854adcf480bdfd80f46fdd6fb49f91dd020ae11c89b3a79e19454ec627",
                "sha256:c66f80ee5b602a9c7ab66e3c9f36026590a0902db3aea414d59a2f55188c1f49",
                "sha256:d52db5beb5e476e6853da2e2d24dbbbed6797b449c8bf7ea118a4ee0d2c9040e",
                "sha256:dd021efa85970bd4824acacbb922066159d0f9e546389a4743d56919b6758b91",
                "sha256:e25adddab85f674acac303cf1f5835951345a56c5f7f582987d266679979c75b",
                "sha256:f00b4cf737f568be9665563347a910f8bdc76f88c2970121c86243c8cfdf90e9",
                "sha256:f01f4a3565a387080dc49bdd1fefe4ecc77f894991b88ef927edbfa45eb10818"
            ],
            "markers": "python_version >= '3.9'",
            "version": "==5.0.3"
        },
        "wheel": {
            "hashes": [
                "sha256:2376a90c98cc337d18623527a97c31797bd02bad0033d41547043a1cbfbe448f",
                "sha256:a29c3f2817e95ab89aa4660681ad547c0e9547f20e75b0562fe7723c9a2a9d49"
            ],
            "index": "pypi",
            "version": "==0.44.0"
        }
    }
}
